
Microsoft Visual Studio Solution File, Format Version 12.00
# Visual Studio Version 17
VisualStudioVersion = 17.5.33530.505
MinimumVisualStudioVersion = 10.0.40219.1
Project("{FAE04EC0-301F-11D3-BF4B-00C04F79EFBC}") = "CRISP", "CRISP\CRISP.csproj", "{A16A8971-C743-4023-8216-C9D40F6B3661}"
EndProject
Project("{FAE04EC0-301F-11D3-BF4B-00C04F79EFBC}") = "Entidades", "Entidades\Entidades.csproj", "{DA9B865A-ADA3-456E-9C0E-3972054935DE}"
EndProject
Project("{FAE04EC0-301F-11D3-BF4B-00C04F79EFBC}") = "Logica", "Logica\Logica.csproj", "{1B8D3E7F-C6D5-4181-9939-A3BF3994B9CD}"
EndProject
Project("{FAE04EC0-301F-11D3-BF4B-00C04F79EFBC}") = "Presentacion", "Presentacion\Presentacion.csproj", "{68A171EB-6571-4BB7-B91B-D179783AD3D1}"
EndProject
Project("{FAE04EC0-301F-11D3-BF4B-00C04F79EFBC}") = "Datos", "Datos\Datos.csproj", "{863C5255-946E-4173-B083-72A2D81F7A91}"
EndProject
Global
	GlobalSection(SolutionConfigurationPlatforms) = preSolution
		Debug|Any CPU = Debug|Any CPU
		Release|Any CPU = Release|Any CPU
	EndGlobalSection
	GlobalSection(ProjectConfigurationPlatforms) = postSolution
		{A16A8971-C743-4023-8216-C9D40F6B3661}.Debug|Any CPU.ActiveCfg = Debug|Any CPU
		{A16A8971-C743-4023-8216-C9D40F6B3661}.Debug|Any CPU.Build.0 = Debug|Any CPU
		{A16A8971-C743-4023-8216-C9D40F6B3661}.Release|Any CPU.ActiveCfg = Release|Any CPU
		{A16A8971-C743-4023-8216-C9D40F6B3661}.Release|Any CPU.Build.0 = Release|Any CPU
		{DA9B865A-ADA3-456E-9C0E-3972054935DE}.Debug|Any CPU.ActiveCfg = Debug|Any CPU
		{DA9B865A-ADA3-456E-9C0E-3972054935DE}.Debug|Any CPU.Build.0 = Debug|Any CPU
		{DA9B865A-ADA3-456E-9C0E-3972054935DE}.Release|Any CPU.ActiveCfg = Release|Any CPU
		{DA9B865A-ADA3-456E-9C0E-3972054935DE}.Release|Any CPU.Build.0 = Release|Any CPU
		{1B8D3E7F-C6D5-4181-9939-A3BF3994B9CD}.Debug|Any CPU.ActiveCfg = Debug|Any CPU
		{1B8D3E7F-C6D5-4181-9939-A3BF3994B9CD}.Debug|Any CPU.Build.0 = Debug|Any CPU
		{1B8D3E7F-C6D5-4181-9939-A3BF3994B9CD}.Release|Any CPU.ActiveCfg = Release|Any CPU
		{1B8D3E7F-C6D5-4181-9939-A3BF3994B9CD}.Release|Any CPU.Build.0 = Release|Any CPU
		{68A171EB-6571-4BB7-B91B-D179783AD3D1}.Debug|Any CPU.ActiveCfg = Debug|Any CPU
		{68A171EB-6571-4BB7-B91B-D179783AD3D1}.Debug|Any CPU.Build.0 = Debug|Any CPU
		{68A171EB-6571-4BB7-B91B-D179783AD3D1}.Release|Any CPU.ActiveCfg = Release|Any CPU
		{68A171EB-6571-4BB7-B91B-D179783AD3D1}.Release|Any CPU.Build.0 = Release|Any CPU
		{863C5255-946E-4173-B083-72A2D81F7A91}.Debug|Any CPU.ActiveCfg = Debug|Any CPU
		{863C5255-946E-4173-B083-72A2D81F7A91}.Debug|Any CPU.Build.0 = Debug|Any CPU
		{863C5255-946E-4173-B083-72A2D81F7A91}.Release|Any CPU.ActiveCfg = Release|Any CPU
		{863C5255-946E-4173-B083-72A2D81F7A91}.Release|Any CPU.Build.0 = Release|Any CPU
	EndGlobalSection
	GlobalSection(SolutionProperties) = preSolution
		HideSolutionNode = FALSE
	EndGlobalSection
	GlobalSection(ExtensibilityGlobals) = postSolution
		SolutionGuid = {0413C4B1-988A-4BB0-BB76-D902FF62CD12}
	EndGlobalSection
EndGlobal
